
Microsoft Visual Studio Solution File, Format Version 11.00
# Visual Studio 2010
Project("{FAE04EC0-301F-11D3-BF4B-00C04F79EFBC}") = "Assembly-CSharp", "Assembly-CSharp.csproj", "{D624109E-88F4-59A0-90E1-FCC8C495E2EE}"
EndProject
Project("{FAE04EC0-301F-11D3-BF4B-00C04F79EFBC}") = "Assembly-CSharp-firstpass", "Assembly-CSharp-firstpass.csproj", "{37C45B0C-9D63-4B57-CD9E-0B203E83A423}"
EndProject
Global
	GlobalSection(SolutionConfigurationPlatforms) = preSolution
		Debug|Any CPU = Debug|Any CPU
		Release|Any CPU = Release|Any CPU
	EndGlobalSection
	GlobalSection(ProjectConfigurationPlatforms) = postSolution
		{D624109E-88F4-59A0-90E1-FCC8C495E2EE}.Debug|Any CPU.ActiveCfg = Debug|Any CPU
		{D624109E-88F4-59A0-90E1-FCC8C495E2EE}.Debug|Any CPU.Build.0 = Debug|Any CPU
		{D624109E-88F4-59A0-90E1-FCC8C495E2EE}.Release|Any CPU.ActiveCfg = Release|Any CPU
		{D624109E-88F4-59A0-90E1-FCC8C495E2EE}.Release|Any CPU.Build.0 = Release|Any CPU
		{37C45B0C-9D63-4B57-CD9E-0B203E83A423}.Debug|Any CPU.ActiveCfg = Debug|Any CPU
		{37C45B0C-9D63-4B57-CD9E-0B203E83A423}.Debug|Any CPU.Build.0 = Debug|Any CPU
		{37C45B0C-9D63-4B57-CD9E-0B203E83A423}.Release|Any CPU.ActiveCfg = Release|Any CPU
		{37C45B0C-9D63-4B57-CD9E-0B203E83A423}.Release|Any CPU.Build.0 = Release|Any CPU
	EndGlobalSection
	GlobalSection(SolutionProperties) = preSolution
		HideSolutionNode = FALSE
	EndGlobalSection
	GlobalSection(MonoDevelopProperties) = preSolution
		StartupItem = Assembly-CSharp.csproj
	EndGlobalSection
EndGlobal
